
Microsoft Visual Studio Solution File, Format Version 12.00
# Visual Studio Version 17
VisualStudioVersion = 17.14.36301.6 d17.14
MinimumVisualStudioVersion = 10.0.40219.1
Project("{FAE04EC0-301F-11D3-BF4B-00C04F79EFBC}") = "BookApi", "BookApi\BookApi.csproj", "{FF054A50-2A03-4597-AF94-CFBE52CD91DC}"
EndProject
Global
	GlobalSection(SolutionConfigurationPlatforms) = preSolution
		Debug|Any CPU = Debug|Any CPU
		Release|Any CPU = Release|Any CPU
	EndGlobalSection
	GlobalSection(ProjectConfigurationPlatforms) = postSolution
		{FF054A50-2A03-4597-AF94-CFBE52CD91DC}.Debug|Any CPU.ActiveCfg = Debug|Any CPU
		{FF054A50-2A03-4597-AF94-CFBE52CD91DC}.Debug|Any CPU.Build.0 = Debug|Any CPU
		{FF054A50-2A03-4597-AF94-CFBE52CD91DC}.Release|Any CPU.ActiveCfg = Release|Any CPU
		{FF054A50-2A03-4597-AF94-CFBE52CD91DC}.Release|Any CPU.Build.0 = Release|Any CPU
	EndGlobalSection
	GlobalSection(SolutionProperties) = preSolution
		HideSolutionNode = FALSE
	EndGlobalSection
	GlobalSection(ExtensibilityGlobals) = postSolution
		SolutionGuid = {73ECB449-1C7E-470D-844B-6BA8A63A447C}
	EndGlobalSection
EndGlobal
